
Microsoft Visual Studio Solution File, Format Version 12.00
# Visual Studio Version 17
VisualStudioVersion = 17.0.31903.59
MinimumVisualStudioVersion = 10.0.40219.1
Project("{FAE04EC0-301F-11D3-BF4B-00C04F79EFBC}") = "TicketManagementApi", "TicketManagementApi\TicketManagementApi.csproj", "{FC36F9D8-FE16-4893-B709-80E724E34B0E}"
EndProject
Project("{FAE04EC0-301F-11D3-BF4B-00C04F79EFBC}") = "TicketManagementApi.Tests", "TicketManagementApi.Tests\TicketManagementApi.Tests.csproj", "{B2C791C0-5F46-4BCB-8382-5FB608AD606B}"
EndProject
Global
	GlobalSection(SolutionConfigurationPlatforms) = preSolution
		Debug|Any CPU = Debug|Any CPU
		Release|Any CPU = Release|Any CPU
	EndGlobalSection
	GlobalSection(SolutionProperties) = preSolution
		HideSolutionNode = FALSE
	EndGlobalSection
	GlobalSection(ProjectConfigurationPlatforms) = postSolution
		{FC36F9D8-FE16-4893-B709-80E724E34B0E}.Debug|Any CPU.ActiveCfg = Debug|Any CPU
		{FC36F9D8-FE16-4893-B709-80E724E34B0E}.Debug|Any CPU.Build.0 = Debug|Any CPU
		{FC36F9D8-FE16-4893-B709-80E724E34B0E}.Release|Any CPU.ActiveCfg = Release|Any CPU
		{FC36F9D8-FE16-4893-B709-80E724E34B0E}.Release|Any CPU.Build.0 = Release|Any CPU
		{B2C791C0-5F46-4BCB-8382-5FB608AD606B}.Debug|Any CPU.ActiveCfg = Debug|Any CPU
		{B2C791C0-5F46-4BCB-8382-5FB608AD606B}.Debug|Any CPU.Build.0 = Debug|Any CPU
		{B2C791C0-5F46-4BCB-8382-5FB608AD606B}.Release|Any CPU.ActiveCfg = Release|Any CPU
		{B2C791C0-5F46-4BCB-8382-5FB608AD606B}.Release|Any CPU.Build.0 = Release|Any CPU
	EndGlobalSection
EndGlobal
